// !$*UTF8*$!
{
	archiveVersion = 1;
	classes = {
	};
	objectVersion = 46;
	objects = {

/* Begin PBXBuildFile section */
		BDF5E8BD1AF4C9CB0039711D /* AppDelegate.swift in Sources */ = {isa = PBXBuildFile; fileRef = BDF5E8BC1AF4C9CB0039711D /* AppDelegate.swift */; };
		BDF5E8BF1AF4C9CB0039711D /* ViewController.swift in Sources */ = {isa = PBXBuildFile; fileRef = BDF5E8BE1AF4C9CB0039711D /* ViewController.swift */; };
		BDF5E8C21AF4C9CB0039711D /* Main.storyboard in Resources */ = {isa = PBXBuildFile; fileRef = BDF5E8C01AF4C9CB0039711D /* Main.storyboard */; };
		BDF5E8C41AF4C9CB0039711D /* Images.xcassets in Resources */ = {isa = PBXBuildFile; fileRef = BDF5E8C31AF4C9CB0039711D /* Images.xcassets */; };
		BDF5E8C71AF4C9CB0039711D /* LaunchScreen.xib in Resources */ = {isa = PBXBuildFile; fileRef = BDF5E8C51AF4C9CB0039711D /* LaunchScreen.xib */; };
		BDF5E8D31AF4C9CB0039711D /* SampleFadeInTransitionTests.swift in Sources */ = {isa = PBXBuildFile; fileRef = BDF5E8D21AF4C9CB0039711D /* SampleFadeInTransitionTests.swift */; };
		BDF5E8DD1AF4CD520039711D /* DetailViewController.swift in Sources */ = {isa = PBXBuildFile; fileRef = BDF5E8DC1AF4CD520039711D /* DetailViewController.swift */; };
		BDF5E8DF1AF4D1900039711D /* FadeInAnimator.swift in Sources */ = {isa = PBXBuildFile; fileRef = BDF5E8DE1AF4D1900039711D /* FadeInAnimator.swift */; };
/* End PBXBuildFile section */

/* Begin PBXContainerItemProxy section */
		BDF5E8CD1AF4C9CB0039711D /* PBXContainerItemProxy */ = {
			isa = PBXContainerItemProxy;
			containerPortal = BDF5E8AF1AF4C9CB0039711D /* Project object */;
			proxyType = 1;
			remoteGlobalIDString = BDF5E8B61AF4C9CB0039711D;
			remoteInfo = SampleFadeInTransition;
		};
/* End PBXContainerItemProxy section */

/* Begin PBXFileReference section */
		BDF5E8B71AF4C9CB0039711D /* SampleFadeInTransition.app */ = {isa = PBXFileReference; explicitFileType = wrapper.application; includeInIndex = 0; path = SampleFadeInTransition.app; sourceTree = BUILT_PRODUCTS_DIR; };
		BDF5E8BB1AF4C9CB0039711D /* Info.plist */ = {isa = PBXFileReference; lastKnownFileType = text.plist.xml; path = Info.plist; sourceTree = "<group>"; };
		BDF5E8BC1AF4C9CB0039711D /* AppDelegate.swift */ = {isa = PBXFileReference; lastKnownFileType = sourcecode.swift; path = AppDelegate.swift; sourceTree = "<group>"; };
		BDF5E8BE1AF4C9CB0039711D /* ViewController.swift */ = {isa = PBXFileReference; lastKnownFileType = sourcecode.swift; path = ViewController.swift; sourceTree = "<group>"; };
		BDF5E8C11AF4C9CB0039711D /* Base */ = {isa = PBXFileReference; lastKnownFileType = file.storyboard; name = Base; path = Base.lproj/Main.storyboard; sourceTree = "<group>"; };
		BDF5E8C31AF4C9CB0039711D /* Images.xcassets */ = {isa = PBXFileReference; lastKnownFileType = folder.assetcatalog; path = Images.xcassets; sourceTree = "<group>"; };
		BDF5E8C61AF4C9CB0039711D /* Base */ = {isa = PBXFileReference; lastKnownFileType = file.xib; name = Base; path = Base.lproj/LaunchScreen.xib; sourceTree = "<group>"; };
		BDF5E8CC1AF4C9CB0039711D /* SampleFadeInTransitionTests.xctest */ = {isa = PBXFileReference; explicitFileType = wrapper.cfbundle; includeInIndex = 0; path = SampleFadeInTransitionTests.xctest; sourceTree = BUILT_PRODUCTS_DIR; };
		BDF5E8D11AF4C9CB0039711D /* Info.plist */ = {isa = PBXFileReference; lastKnownFileType = text.plist.xml; path = Info.plist; sourceTree = "<group>"; };
		BDF5E8D21AF4C9CB0039711D /* SampleFadeInTransitionTests.swift */ = {isa = PBXFileReference; lastKnownFileType = sourcecode.swift; path = SampleFadeInTransitionTests.swift; sourceTree = "<group>"; };
		BDF5E8DC1AF4CD520039711D /* DetailViewController.swift */ = {isa = PBXFileReference; fileEncoding = 4; lastKnownFileType = sourcecode.swift; path = DetailViewController.swift; sourceTree = "<group>"; };
		BDF5E8DE1AF4D1900039711D /* FadeInAnimator.swift */ = {isa = PBXFileReference; fileEncoding = 4; lastKnownFileType = sourcecode.swift; path = FadeInAnimator.swift; sourceTree = "<group>"; };
/* End PBXFileReference section */

/* Begin PBXFrameworksBuildPhase section */
		BDF5E8B41AF4C9CB0039711D /* Frameworks */ = {
			isa = PBXFrameworksBuildPhase;
			buildActionMask = 2147483647;
			files = (
			);
			runOnlyForDeploymentPostprocessing = 0;
		};
		BDF5E8C91AF4C9CB0039711D /* Frameworks */ = {
			isa = PBXFrameworksBuildPhase;
			buildActionMask = 2147483647;
			files = (
			);
			runOnlyForDeploymentPostprocessing = 0;
		};
/* End PBXFrameworksBuildPhase section */

/* Begin PBXGroup section */
		BDF5E8AE1AF4C9CB0039711D = {
			isa = PBXGroup;
			children = (
				BDF5E8B91AF4C9CB0039711D /* SampleFadeInTransition */,
				BDF5E8CF1AF4C9CB0039711D /* SampleFadeInTransitionTests */,
				BDF5E8B81AF4C9CB0039711D /* Products */,
			);
			sourceTree = "<group>";
		};
		BDF5E8B81AF4C9CB0039711D /* Products */ = {
			isa = PBXGroup;
			children = (
				BDF5E8B71AF4C9CB0039711D /* SampleFadeInTransition.app */,
				BDF5E8CC1AF4C9CB0039711D /* SampleFadeInTransitionTests.xctest */,
			);
			name = Products;
			sourceTree = "<group>";
		};
		BDF5E8B91AF4C9CB0039711D /* SampleFadeInTransition */ = {
			isa = PBXGroup;
			children = (
				BDF5E8BC1AF4C9CB0039711D /* AppDelegate.swift */,
				BDF5E8BE1AF4C9CB0039711D /* ViewController.swift */,
				BDF5E8C01AF4C9CB0039711D /* Main.storyboard */,
				BDF5E8C31AF4C9CB0039711D /* Images.xcassets */,
				BDF5E8C51AF4C9CB0039711D /* LaunchScreen.xib */,
				BDF5E8BA1AF4C9CB0039711D /* Supporting Files */,
				BDF5E8DC1AF4CD520039711D /* DetailViewController.swift */,
				BDF5E8DE1AF4D1900039711D /* FadeInAnimator.swift */,
			);
			path = SampleFadeInTransition;
			sourceTree = "<group>";
		};
		BDF5E8BA1AF4C9CB0039711D /* Supporting Files */ = {
			isa = PBXGroup;
			children = (
				BDF5E8BB1AF4C9CB0039711D /* Info.plist */,
			);
			name = "Supporting Files";
			sourceTree = "<group>";
		};
		BDF5E8CF1AF4C9CB0039711D /* SampleFadeInTransitionTests */ = {
			isa = PBXGroup;
			children = (
				BDF5E8D21AF4C9CB0039711D /* SampleFadeInTransitionTests.swift */,
				BDF5E8D01AF4C9CB0039711D /* Supporting Files */,
			);
			path = SampleFadeInTransitionTests;
			sourceTree = "<group>";
		};
		BDF5E8D01AF4C9CB0039711D /* Supporting Files */ = {
			isa = PBXGroup;
			children = (
				BDF5E8D11AF4C9CB0039711D /* Info.plist */,
			);
			name = "Supporting Files";
			sourceTree = "<group>";
		};
/* End PBXGroup section */

/* Begin PBXNativeTarget section */
		BDF5E8B61AF4C9CB0039711D /* SampleFadeInTransition */ = {
			isa = PBXNativeTarget;
			buildConfigurationList = BDF5E8D61AF4C9CB0039711D /* Build configuration list for PBXNativeTarget "SampleFadeInTransition" */;
			buildPhases = (
				BDF5E8B31AF4C9CB0039711D /* Sources */,
				BDF5E8B41AF4C9CB0039711D /* Frameworks */,
				BDF5E8B51AF4C9CB0039711D /* Resources */,
			);
			buildRules = (
			);
			dependencies = (
			);
			name = SampleFadeInTransition;
			productName = SampleFadeInTransition;
			productReference = BDF5E8B71AF4C9CB0039711D /* SampleFadeInTransition.app */;
			productType = "com.apple.product-type.application";
		};
		BDF5E8CB1AF4C9CB0039711D /* SampleFadeInTransitionTests */ = {
			isa = PBXNativeTarget;
			buildConfigurationList = BDF5E8D91AF4C9CB0039711D /* Build configuration list for PBXNativeTarget "SampleFadeInTransitionTests" */;
			buildPhases = (
				BDF5E8C81AF4C9CB0039711D /* Sources */,
				BDF5E8C91AF4C9CB0039711D /* Frameworks */,
				BDF5E8CA1AF4C9CB0039711D /* Resources */,
			);
			buildRules = (
			);
			dependencies = (
				BDF5E8CE1AF4C9CB0039711D /* PBXTargetDependency */,
			);
			name = SampleFadeInTransitionTests;
			productName = SampleFadeInTransitionTests;
			productReference = BDF5E8CC1AF4C9CB0039711D /* SampleFadeInTransitionTests.xctest */;
			productType = "com.apple.product-type.bundle.unit-test";
		};
/* End PBXNativeTarget section */

/* Begin PBXProject section */
		BDF5E8AF1AF4C9CB0039711D /* Project object */ = {
			isa = PBXProject;
			attributes = {
				LastUpgradeCheck = 0630;
				ORGANIZATIONNAME = "swift-studying";
				TargetAttributes = {
					BDF5E8B61AF4C9CB0039711D = {
						CreatedOnToolsVersion = 6.3;
					};
					BDF5E8CB1AF4C9CB0039711D = {
						CreatedOnToolsVersion = 6.3;
						TestTargetID = BDF5E8B61AF4C9CB0039711D;
					};
				};
			};
			buildConfigurationList = BDF5E8B21AF4C9CB0039711D /* Build configuration list for PBXProject "SampleFadeInTransition" */;
			compatibilityVersion = "Xcode 3.2";
			developmentRegion = English;
			hasScannedForEncodings = 0;
			knownRegions = (
				en,
				Base,
			);
			mainGroup = BDF5E8AE1AF4C9CB0039711D;
			productRefGroup = BDF5E8B81AF4C9CB0039711D /* Products */;
			projectDirPath = "";
			projectRoot = "";
			targets = (
				BDF5E8B61AF4C9CB0039711D /* SampleFadeInTransition */,
				BDF5E8CB1AF4C9CB0039711D /* SampleFadeInTransitionTests */,
			);
		};
/* End PBXProject section */

/* Begin PBXResourcesBuildPhase section */
		BDF5E8B51AF4C9CB0039711D /* Resources */ = {
			isa = PBXResourcesBuildPhase;
			buildActionMask = 2147483647;
			files = (
				BDF5E8C21AF4C9CB0039711D /* Main.storyboard in Resources */,
				BDF5E8C71AF4C9CB0039711D /* LaunchScreen.xib in Resources */,
				BDF5E8C41AF4C9CB0039711D /* Images.xcassets in Resources */,
			);
			runOnlyForDeploymentPostprocessing = 0;
		};
		BDF5E8CA1AF4C9CB0039711D /* Resources */ = {
			isa = PBXResourcesBuildPhase;
			buildActionMask = 2147483647;
			files = (
			);
			runOnlyForDeploymentPostprocessing = 0;
		};
/* End PBXResourcesBuildPhase section */

/* Begin PBXSourcesBuildPhase section */
		BDF5E8B31AF4C9CB0039711D /* Sources */ = {
			isa = PBXSourcesBuildPhase;
			buildActionMask = 2147483647;
			files = (
				BDF5E8DD1AF4CD520039711D /* DetailViewController.swift in Sources */,
				BDF5E8DF1AF4D1900039711D /* FadeInAnimator.swift in Sources */,
				BDF5E8BF1AF4C9CB0039711D /* ViewController.swift in Sources */,
				BDF5E8BD1AF4C9CB0039711D /* AppDelegate.swift in Sources */,
			);
			runOnlyForDeploymentPostprocessing = 0;
		};
		BDF5E8C81AF4C9CB0039711D /* Sources */ = {
			isa = PBXSourcesBuildPhase;
			buildActionMask = 2147483647;
			files = (
				BDF5E8D31AF4C9CB0039711D /* SampleFadeInTransitionTests.swift in Sources */,
			);
			runOnlyForDeploymentPostprocessing = 0;
		};
/* End PBXSourcesBuildPhase section */

/* Begin PBXTargetDependency section */
		BDF5E8CE1AF4C9CB0039711D /* PBXTargetDependency */ = {
			isa = PBXTargetDependency;
			target = BDF5E8B61AF4C9CB0039711D /* SampleFadeInTransition */;
			targetProxy = BDF5E8CD1AF4C9CB0039711D /* PBXContainerItemProxy */;
		};
/* End PBXTargetDependency section */

/* Begin PBXVariantGroup section */
		BDF5E8C01AF4C9CB0039711D /* Main.storyboard */ = {
			isa = PBXVariantGroup;
			children = (
				BDF5E8C11AF4C9CB0039711D /* Base */,
			);
			name = Main.storyboard;
			sourceTree = "<group>";
		};
		BDF5E8C51AF4C9CB0039711D /* LaunchScreen.xib */ = {
			isa = PBXVariantGroup;
			children = (
				BDF5E8C61AF4C9CB0039711D /* Base */,
			);
			name = LaunchScreen.xib;
			sourceTree = "<group>";
		};
/* End PBXVariantGroup section */

/* Begin XCBuildConfiguration section */
		BDF5E8D41AF4C9CB0039711D /* Debug */ = {
			isa = XCBuildConfiguration;
			buildSettings = {
				ALWAYS_SEARCH_USER_PATHS = NO;
				CLANG_CXX_LANGUAGE_STANDARD = "gnu++0x";
				CLANG_CXX_LIBRARY = "libc++";
				CLANG_ENABLE_MODULES = YES;
				CLANG_ENABLE_OBJC_ARC = YES;
				CLANG_WARN_BOOL_CONVERSION = YES;
				CLANG_WARN_CONSTANT_CONVERSION = YES;
				CLANG_WARN_DIRECT_OBJC_ISA_USAGE = YES_ERROR;
				CLANG_WARN_EMPTY_BODY = YES;
				CLANG_WARN_ENUM_CONVERSION = YES;
				CLANG_WARN_INT_CONVERSION = YES;
				CLANG_WARN_OBJC_ROOT_CLASS = YES_ERROR;
				CLANG_WARN_UNREACHABLE_CODE = YES;
				CLANG_WARN__DUPLICATE_METHOD_MATCH = YES;
				"CODE_SIGN_IDENTITY[sdk=iphoneos*]" = "iPhone Developer";
				COPY_PHASE_STRIP = NO;
				DEBUG_INFORMATION_FORMAT = "dwarf-with-dsym";
				ENABLE_STRICT_OBJC_MSGSEND = YES;
				GCC_C_LANGUAGE_STANDARD = gnu99;
				GCC_DYNAMIC_NO_PIC = NO;
				GCC_NO_COMMON_BLOCKS = YES;
				GCC_OPTIMIZATION_LEVEL = 0;
				GCC_PREPROCESSOR_DEFINITIONS = (
					"DEBUG=1",
					"$(inherited)",
				);
				GCC_SYMBOLS_PRIVATE_EXTERN = NO;
				GCC_WARN_64_TO_32_BIT_CONVERSION = YES;
				GCC_WARN_ABOUT_RETURN_TYPE = YES_ERROR;
				GCC_WARN_UNDECLARED_SELECTOR = YES;
				GCC_WARN_UNINITIALIZED_AUTOS = YES_AGGRESSIVE;
				GCC_WARN_UNUSED_FUNCTION = YES;
				GCC_WARN_UNUSED_VARIABLE = YES;
				IPHONEOS_DEPLOYMENT_TARGET = 8.3;
				MTL_ENABLE_DEBUG_INFO = YES;
				ONLY_ACTIVE_ARCH = YES;
				SDKROOT = iphoneos;
				SWIFT_OPTIMIZATION_LEVEL = "-Onone";
				TARGETED_DEVICE_FAMILY = "1,2";
			};
			name = Debug;
		};
		BDF5E8D51AF4C9CB0039711D /* Release */ = {
			isa = XCBuildConfiguration;
			buildSettings = {
				ALWAYS_SEARCH_USER_PATHS = NO;
				CLANG_CXX_LANGUAGE_STANDARD = "gnu++0x";
				CLANG_CXX_LIBRARY = "libc++";
				CLANG_ENABLE_MODULES = YES;
				CLANG_ENABLE_OBJC_ARC = YES;
				CLANG_WARN_BOOL_CONVERSION = YES;
				CLANG_WARN_CONSTANT_CONVERSION = YES;
				CLANG_WARN_DIRECT_OBJC_ISA_USAGE = YES_ERROR;
				CLANG_WARN_EMPTY_BODY = YES;
				CLANG_WARN_ENUM_CONVERSION = YES;
				CLANG_WARN_INT_CONVERSION = YES;
				CLANG_WARN_OBJC_ROOT_CLASS = YES_ERROR;
				CLANG_WARN_UNREACHABLE_CODE = YES;
				CLANG_WARN__DUPLICATE_METHOD_MATCH = YES;
				"CODE_SIGN_IDENTITY[sdk=iphoneos*]" = "iPhone Developer";
				COPY_PHASE_STRIP = NO;
				DEBUG_INFORMATION_FORMAT = "dwarf-with-dsym";
				ENABLE_NS_ASSERTIONS = NO;
				ENABLE_STRICT_OBJC_MSGSEND = YES;
				GCC_C_LANGUAGE_STANDARD = gnu99;
				GCC_NO_COMMON_BLOCKS = YES;
				GCC_WARN_64_TO_32_BIT_CONVERSION = YES;
				GCC_WARN_ABOUT_RETURN_TYPE = YES_ERROR;
				GCC_WARN_UNDECLARED_SELECTOR = YES;
				GCC_WARN_UNINITIALIZED_AUTOS = YES_AGGRESSIVE;
				GCC_WARN_UNUSED_FUNCTION = YES;
				GCC_WARN_UNUSED_VARIABLE = YES;
				IPHONEOS_DEPLOYMENT_TARGET = 8.3;
				MTL_ENABLE_DEBUG_INFO = NO;
				SDKROOT = iphoneos;
				TARGETED_DEVICE_FAMILY = "1,2";
				VALIDATE_PRODUCT = YES;
			};
			name = Release;
		};
		BDF5E8D71AF4C9CB0039711D /* Debug */ = {
			isa = XCBuildConfiguration;
			buildSettings = {
				ASSETCATALOG_COMPILER_APPICON_NAME = AppIcon;
				INFOPLIST_FILE = SampleFadeInTransition/Info.plist;
				LD_RUNPATH_SEARCH_PATHS = "$(inherited) @executable_path/Frameworks";
				PRODUCT_NAME = "$(TARGET_NAME)";
			};
			name = Debug;
		};
		BDF5E8D81AF4C9CB0039711D /* Release */ = {
			isa = XCBuildConfiguration;
			buildSettings = {
				ASSETCATALOG_COMPILER_APPICON_NAME = AppIcon;
				INFOPLIST_FILE = SampleFadeInTransition/Info.plist;
				LD_RUNPATH_SEARCH_PATHS = "$(inherited) @executable_path/Frameworks";
				PRODUCT_NAME = "$(TARGET_NAME)";
			};
			name = Release;
		};
		BDF5E8DA1AF4C9CB0039711D /* Debug */ = {
			isa = XCBuildConfiguration;
			buildSettings = {
				BUNDLE_LOADER = "$(TEST_HOST)";
				FRAMEWORK_SEARCH_PATHS = (
					"$(SDKROOT)/Developer/Library/Frameworks",
					"$(inherited)",
				);
				GCC_PREPROCESSOR_DEFINITIONS = (
					"DEBUG=1",
					"$(inherited)",
				);
				INFOPLIST_FILE = SampleFadeInTransitionTests/Info.plist;
				LD_RUNPATH_SEARCH_PATHS = "$(inherited) @executable_path/Frameworks @loader_path/Frameworks";
				PRODUCT_NAME = "$(TARGET_NAME)";
				TEST_HOST = "$(BUILT_PRODUCTS_DIR)/SampleFadeInTransition.app/SampleFadeInTransition";
			};
			name = Debug;
		};
		BDF5E8DB1AF4C9CB0039711D /* Release */ = {
			isa = XCBuildConfiguration;
			buildSettings = {
				BUNDLE_LOADER = "$(TEST_HOST)";
				FRAMEWORK_SEARCH_PATHS = (
					"$(SDKROOT)/Developer/Library/Frameworks",
					"$(inherited)",
				);
				INFOPLIST_FILE = SampleFadeInTransitionTests/Info.plist;
				LD_RUNPATH_SEARCH_PATHS = "$(inherited) @executable_path/Frameworks @loader_path/Frameworks";
				PRODUCT_NAME = "$(TARGET_NAME)";
				TEST_HOST = "$(BUILT_PRODUCTS_DIR)/SampleFadeInTransition.app/SampleFadeInTransition";
			};
			name = Release;
		};
/* End XCBuildConfiguration section */

/* Begin XCConfigurationList section */
		BDF5E8B21AF4C9CB0039711D /* Build configuration list for PBXProject "SampleFadeInTransition" */ = {
			isa = XCConfigurationList;
			buildConfigurations = (
				BDF5E8D41AF4C9CB0039711D /* Debug */,
				BDF5E8D51AF4C9CB0039711D /* Release */,
			);
			defaultConfigurationIsVisible = 0;
			defaultConfigurationName = Release;
		};
		BDF5E8D61AF4C9CB0039711D /* Build configuration list for PBXNativeTarget "SampleFadeInTransition" */ = {
			isa = XCConfigurationList;
			buildConfigurations = (
				BDF5E8D71AF4C9CB0039711D /* Debug */,
				BDF5E8D81AF4C9CB0039711D /* Release */,
			);
			defaultConfigurationIsVisible = 0;
			defaultConfigurationName = Release;
		};
		BDF5E8D91AF4C9CB0039711D /* Build configuration list for PBXNativeTarget "SampleFadeInTransitionTests" */ = {
			isa = XCConfigurationList;
			buildConfigurations = (
				BDF5E8DA1AF4C9CB0039711D /* Debug */,
				BDF5E8DB1AF4C9CB0039711D /* Release */,
			);
			defaultConfigurationIsVisible = 0;
			defaultConfigurationName = Release;
		};
/* End XCConfigurationList section */
	};
	rootObject = BDF5E8AF1AF4C9CB0039711D /* Project object */;
}
